{
    "_meta": {
        "hash": {
            "sha256": "11170330a2f2d679a1e69139344aed99cffde373d216837444d5189663566e83"
        },
        "pipfile-spec": 6,
        "requires": {
            "python_version": "3.9"
        },
        "sources": [
            {
                "name": "pypi",
                "url": "https://pypi.org/simple",
                "verify_ssl": true
            }
        ]
    },
    "default": {
        "aioredis": {
            "hashes": [
                "sha256:15f8af30b044c771aee6787e5ec24694c048184c7b9e54c3b60c750a4b93273a",
                "sha256:b61808d7e97b7cd5a92ed574937a079c9387fdadd22bfbfa7ad2fd319ecc26e3"
            ],
            "version": "==1.3.1"
        },
        "apscheduler": {
            "hashes": [
                "sha256:5cf344ebcfbdaa48ae178c029c055cec7bc7a4a47c21e315e4d1f08bd35f2355",
                "sha256:c22cb14b411a31435eb2c530dfbbec948ac63015b517087c7978adb61b574865"
            ],
            "version": "==3.8.1"
        },
        "asgiref": {
            "hashes": [
                "sha256:4ef1ab46b484e3c706329cedeff284a5d40824200638503f5768edb6de7d58e9",
                "sha256:ffc141aa908e6f175673e7b1b3b7af4fdb0ecb738fc5c8b88f69f055c2415214"
            ],
            "version": "==3.4.1"
        },
        "async-timeout": {
            "hashes": [
                "sha256:0c3c816a028d47f659d6ff5c745cb2acf1f966da1fe5c19c77a70282b25f4c5f",
                "sha256:4291ca197d287d274d0b6cb5d6f8f8f82d434ed288f962539ff18cc9012f9ea3"
            ],
            "version": "==3.0.1"
        },
        "attrs": {
            "hashes": [
                "sha256:149e90d6d8ac20db7a955ad60cf0e6881a3f20d37096140088356da6c716b0b1",
                "sha256:ef6aaac3ca6cd92904cdd0d83f629a15f18053ec84e6432106f7a4d04ae4f5fb"
            ],
            "version": "==21.2.0"
        },
        "autobahn": {
            "hashes": [
                "sha256:9195df8af03b0ff29ccd4b7f5abbde957ee90273465942205f9a1bad6c3f07ac",
                "sha256:e126c1f583e872fb59e79d36977cfa1f2d0a8a79f90ae31f406faae7664b8e03"
            ],
            "version": "==21.3.1"
        },
        "automat": {
            "hashes": [
                "sha256:7979803c74610e11ef0c0d68a2942b152df52da55336e0c9d58daf1831cbdf33",
                "sha256:b6feb6455337df834f6c9962d6ccf771515b7d939bca142b29c20c2376bc6111"
            ],
            "version": "==20.2.0"
        },
        "backcall": {
            "hashes": [
                "sha256:5cbdbf27be5e7cfadb448baf0aa95508f91f2bbc6c6437cd9cd06e2a4c215e1e",
                "sha256:fbbce6a29f263178a1f7915c1940bde0ec2b2a967566fe1c65c1dfb7422bd255"
            ],
            "version": "==0.2.0"
        },
        "cffi": {
            "hashes": [
                "sha256:00c878c90cb53ccfaae6b8bc18ad05d2036553e6d9d1d9dbcf323bbe83854ca3",
                "sha256:0104fb5ae2391d46a4cb082abdd5c69ea4eab79d8d44eaaf79f1b1fd806ee4c2",
                "sha256:06c48159c1abed75c2e721b1715c379fa3200c7784271b3c46df01383b593636",
                "sha256:0808014eb713677ec1292301ea4c81ad277b6cdf2fdd90fd540af98c0b101d20",
                "sha256:10dffb601ccfb65262a27233ac273d552ddc4d8ae1bf93b21c94b8511bffe728",
                "sha256:14cd121ea63ecdae71efa69c15c5543a4b5fbcd0bbe2aad864baca0063cecf27",
                "sha256:17771976e82e9f94976180f76468546834d22a7cc404b17c22df2a2c81db0c66",
                "sha256:181dee03b1170ff1969489acf1c26533710231c58f95534e3edac87fff06c443",
                "sha256:23cfe892bd5dd8941608f93348c0737e369e51c100d03718f108bf1add7bd6d0",
                "sha256:263cc3d821c4ab2213cbe8cd8b355a7f72a8324577dc865ef98487c1aeee2bc7",
                "sha256:2756c88cbb94231c7a147402476be2c4df2f6078099a6f4a480d239a8817ae39",
                "sha256:27c219baf94952ae9d50ec19651a687b826792055353d07648a5695413e0c605",
                "sha256:2a23af14f408d53d5e6cd4e3d9a24ff9e05906ad574822a10563efcef137979a",
                "sha256:31fb708d9d7c3f49a60f04cf5b119aeefe5644daba1cd2a0fe389b674fd1de37",
                "sha256:3415c89f9204ee60cd09b235810be700e993e343a408693e80ce7f6a40108029",
                "sha256:3773c4d81e6e818df2efbc7dd77325ca0dcb688116050fb2b3011218eda36139",
                "sha256:3b96a311ac60a3f6be21d2572e46ce67f09abcf4d09344c49274eb9e0bf345fc",
                "sha256:3f7d084648d77af029acb79a0ff49a0ad7e9d09057a9bf46596dac9514dc07df",
                "sha256:41d45de54cd277a7878919867c0f08b0cf817605e4eb94093e7516505d3c8d14",
                "sha256:4238e6dab5d6a8ba812de994bbb0a79bddbdf80994e4ce802b6f6f3142fcc880",
                "sha256:45db3a33139e9c8f7c09234b5784a5e33d31fd6907800b316decad50af323ff2",
                "sha256:45e8636704eacc432a206ac7345a5d3d2c62d95a507ec70d62f23cd91770482a",
                "sha256:4958391dbd6249d7ad855b9ca88fae690783a6be9e86df65865058ed81fc860e",
                "sha256:4a306fa632e8f0928956a41fa8e1d6243c71e7eb59ffbd165fc0b41e316b2474",
                "sha256:57e9ac9ccc3101fac9d6014fba037473e4358ef4e89f8e181f8951a2c0162024",
                "sha256:59888172256cac5629e60e72e86598027aca6bf01fa2465bdb676d37636573e8",
                "sha256:5e069f72d497312b24fcc02073d70cb989045d1c91cbd53979366077959933e0",
                "sha256:64d4ec9f448dfe041705426000cc13e34e6e5bb13736e9fd62e34a0b0c41566e",
                "sha256:6dc2737a3674b3e344847c8686cf29e500584ccad76204efea14f451d4cc669a",
                "sha256:74fdfdbfdc48d3f47148976f49fab3251e550a8720bebc99bf1483f5bfb5db3e",
                "sha256:75e4024375654472cc27e91cbe9eaa08567f7fbdf822638be2814ce059f58032",
                "sha256:786902fb9ba7433aae840e0ed609f45c7bcd4e225ebb9c753aa39725bb3e6ad6",
                "sha256:8b6c2ea03845c9f501ed1313e78de148cd3f6cad741a75d43a29b43da27f2e1e",
                "sha256:91d77d2a782be4274da750752bb1650a97bfd8f291022b379bb8e01c66b4e96b",
                "sha256:91ec59c33514b7c7559a6acda53bbfe1b283949c34fe7440bcf917f96ac0723e",
                "sha256:920f0d66a896c2d99f0adbb391f990a84091179542c205fa53ce5787aff87954",
                "sha256:a5263e363c27b653a90078143adb3d076c1a748ec9ecc78ea2fb916f9b861962",
                "sha256:abb9a20a72ac4e0fdb50dae135ba5e77880518e742077ced47eb1499e29a443c",
                "sha256:c2051981a968d7de9dd2d7b87bcb9c939c74a34626a6e2f8181455dd49ed69e4",
                "sha256:c21c9e3896c23007803a875460fb786118f0cdd4434359577ea25eb556e34c55",
                "sha256:c2502a1a03b6312837279c8c1bd3ebedf6c12c4228ddbad40912d671ccc8a962",
                "sha256:d4d692a89c5cf08a8557fdeb329b82e7bf609aadfaed6c0d79f5a449a3c7c023",
                "sha256:da5db4e883f1ce37f55c667e5c0de439df76ac4cb55964655906306918e7363c",
                "sha256:e7022a66d9b55e93e1a845d8c9eba2a1bebd4966cd8bfc25d9cd07d515b33fa6",
                "sha256:ef1f279350da2c586a69d32fc8733092fd32cc8ac95139a00377841f59a3f8d8",
                "sha256:f54a64f8b0c8ff0b64d18aa76675262e1700f3995182267998c31ae974fbc382",
                "sha256:f5c7150ad32ba43a07c4479f40241756145a1f03b43480e058cfd862bf5041c7",
                "sha256:f6f824dc3bce0edab5f427efcfb1d63ee75b6fcb7282900ccaf925be84efb0fc",
                "sha256:fd8a250edc26254fe5b33be00402e6d287f562b6a5b2152dec302fa15bb3e997",
                "sha256:ffaa5c925128e29efbde7301d8ecaf35c8c60ffbcd6a1ffd3a552177c8e5e796"
            ],
            "version": "==1.15.0"
        },
        "channels": {
            "hashes": [
                "sha256:056b72e51080a517a0f33a0a30003e03833b551d75394d6636c885d4edb8188f",
                "sha256:3f15bdd2138bb4796e76ea588a0a344b12a7964ea9b2e456f992fddb988a4317"
            ],
            "index": "pypi",
            "version": "==3.0.3"
        },
        "channels-redis": {
            "hashes": [
                "sha256:899dc6433f5416cf8ad74505baaf2acb5461efac3cad40751a41119e3f68421b",
                "sha256:fbb24a7a57a6cc0ebe5aa121cdf841eabf845cf47dd5c1059224ef4d64aeaeac"
            ],
            "index": "pypi",
            "version": "==3.3.1"
        },
        "constantly": {
            "hashes": [
                "sha256:586372eb92059873e29eba4f9dec8381541b4d3834660707faf8ba59146dfc35",
                "sha256:dd2fa9d6b1a51a83f0d7dd76293d734046aa176e384bf6e33b7e44880eb37c5d"
            ],
            "version": "==15.1.0"
        },
        "cryptography": {
            "hashes": [
                "sha256:07bb7fbfb5de0980590ddfc7f13081520def06dc9ed214000ad4372fb4e3c7f6",
                "sha256:18d90f4711bf63e2fb21e8c8e51ed8189438e6b35a6d996201ebd98a26abbbe6",
                "sha256:1ed82abf16df40a60942a8c211251ae72858b25b7421ce2497c2eb7a1cee817c",
                "sha256:22a38e96118a4ce3b97509443feace1d1011d0571fae81fc3ad35f25ba3ea999",
                "sha256:2d69645f535f4b2c722cfb07a8eab916265545b3475fdb34e0be2f4ee8b0b15e",
                "sha256:4a2d0e0acc20ede0f06ef7aa58546eee96d2592c00f450c9acb89c5879b61992",
                "sha256:54b2605e5475944e2213258e0ab8696f4f357a31371e538ef21e8d61c843c28d",
                "sha256:7075b304cd567694dc692ffc9747f3e9cb393cc4aa4fb7b9f3abd6f5c4e43588",
                "sha256:7b7ceeff114c31f285528ba8b390d3e9cfa2da17b56f11d366769a807f17cbaa",
                "sha256:7eba2cebca600a7806b893cb1d541a6e910afa87e97acf2021a22b32da1df52d",
                "sha256:928185a6d1ccdb816e883f56ebe92e975a262d31cc536429041921f8cb5a62fd",
                "sha256:9933f28f70d0517686bd7de36166dda42094eac49415459d9bdf5e7df3e0086d",
                "sha256:a688ebcd08250eab5bb5bca318cc05a8c66de5e4171a65ca51db6bd753ff8953",
                "sha256:abb5a361d2585bb95012a19ed9b2c8f412c5d723a9836418fab7aaa0243e67d2",
                "sha256:c10c797ac89c746e488d2ee92bd4abd593615694ee17b2500578b63cad6b93a8",
                "sha256:ced40344e811d6abba00295ced98c01aecf0c2de39481792d87af4fa58b7b4d6",
                "sha256:d57e0cdc1b44b6cdf8af1d01807db06886f10177469312fbde8f44ccbb284bc9",
                "sha256:d99915d6ab265c22873f1b4d6ea5ef462ef797b4140be4c9d8b179915e0985c6",
                "sha256:eb80e8a1f91e4b7ef8b33041591e6d89b2b8e122d787e87eeb2b08da71bb16ad",
                "sha256:ebeddd119f526bcf323a89f853afb12e225902a24d29b55fe18dd6fcb2838a76"
            ],
            "version": "==35.0.0"
        },
        "daphne": {
            "hashes": [
                "sha256:76ffae916ba3aa66b46996c14fa713e46004788167a4873d647544e750e0e99f",
                "sha256:a9af943c79717bc52fe64a3c236ae5d3adccc8b5be19c881b442d2c3db233393"
            ],
            "index": "pypi",
            "version": "==3.0.2"
        },
        "decorator": {
            "hashes": [
                "sha256:7b12e7c3c6ab203a29e157335e9122cb03de9ab7264b137594103fd4a683b374",
                "sha256:e59913af105b9860aa2c8d3272d9de5a56a4e608db9a2f167a8480b323d529a7"
            ],
            "version": "==5.1.0"
        },
        "django": {
            "hashes": [
                "sha256:42573831292029639b798fe4d3812996bfe4ff3275f04566da90764daec011a5",
                "sha256:f6d2c4069c9b9bfac03bedff927ea1f9e0d29e34525cec8a68fd28eb2a8df7af"
            ],
            "index": "pypi",
            "version": "==3.2.8"
        },
        "django-apscheduler": {
            "hashes": [
                "sha256:55cba8d087d358102751df71efdd209c3c8230eb69419af76858eda2f6e94fb1",
                "sha256:9399ddcdb049eeb8f8ac8cca79e176d0b25a3cc51e034de1381375d6046c6113"
            ],
            "index": "pypi",
            "version": "==0.6.0"
        },
        "django-dotenv": {
            "hashes": [
                "sha256:3812bb0f4876cf31f902aad140f0645e120e51ee30eb7c40c22050f58a0e4adb",
                "sha256:a9b1b40a70bd321acd231926acedb9bd2c5e873e33a1873b34a7276d196a765e"
            ],
            "index": "pypi",
            "version": "==1.4.2"
        },
        "hiredis": {
            "hashes": [
                "sha256:04026461eae67fdefa1949b7332e488224eac9e8f2b5c58c98b54d29af22093e",
                "sha256:04927a4c651a0e9ec11c68e4427d917e44ff101f761cd3b5bc76f86aaa431d27",
                "sha256:07bbf9bdcb82239f319b1f09e8ef4bdfaec50ed7d7ea51a56438f39193271163",
                "sha256:09004096e953d7ebd508cded79f6b21e05dff5d7361771f59269425108e703bc",
                "sha256:0adea425b764a08270820531ec2218d0508f8ae15a448568109ffcae050fee26",
                "sha256:0b39ec237459922c6544d071cdcf92cbb5bc6685a30e7c6d985d8a3e3a75326e",
                "sha256:0d5109337e1db373a892fdcf78eb145ffb6bbd66bb51989ec36117b9f7f9b579",
                "sha256:0f41827028901814c709e744060843c77e78a3aca1e0d6875d2562372fcb405a",
                "sha256:11d119507bb54e81f375e638225a2c057dda748f2b1deef05c2b1a5d42686048",
                "sha256:1233e303645f468e399ec906b6b48ab7cd8391aae2d08daadbb5cad6ace4bd87",
                "sha256:139705ce59d94eef2ceae9fd2ad58710b02aee91e7fa0ccb485665ca0ecbec63",
                "sha256:1f03d4dadd595f7a69a75709bc81902673fa31964c75f93af74feac2f134cc54",
                "sha256:240ce6dc19835971f38caf94b5738092cb1e641f8150a9ef9251b7825506cb05",
                "sha256:294a6697dfa41a8cba4c365dd3715abc54d29a86a40ec6405d677ca853307cfb",
                "sha256:3d55e36715ff06cdc0ab62f9591607c4324297b6b6ce5b58cb9928b3defe30ea",
                "sha256:3dddf681284fe16d047d3ad37415b2e9ccdc6c8986c8062dbe51ab9a358b50a5",
                "sha256:3f5f7e3a4ab824e3de1e1700f05ad76ee465f5f11f5db61c4b297ec29e692b2e",
                "sha256:508999bec4422e646b05c95c598b64bdbef1edf0d2b715450a078ba21b385bcc",
                "sha256:5d2a48c80cf5a338d58aae3c16872f4d452345e18350143b3bf7216d33ba7b99",
                "sha256:5dc7a94bb11096bc4bffd41a3c4f2b958257085c01522aa81140c68b8bf1630a",
                "sha256:65d653df249a2f95673976e4e9dd7ce10de61cfc6e64fa7eeaa6891a9559c581",
                "sha256:7492af15f71f75ee93d2a618ca53fea8be85e7b625e323315169977fae752426",
                "sha256:7f0055f1809b911ab347a25d786deff5e10e9cf083c3c3fd2dd04e8612e8d9db",
                "sha256:807b3096205c7cec861c8803a6738e33ed86c9aae76cac0e19454245a6bbbc0a",
                "sha256:81d6d8e39695f2c37954d1011c0480ef7cf444d4e3ae24bc5e89ee5de360139a",
                "sha256:87c7c10d186f1743a8fd6a971ab6525d60abd5d5d200f31e073cd5e94d7e7a9d",
                "sha256:8b42c0dc927b8d7c0eb59f97e6e34408e53bc489f9f90e66e568f329bff3e443",
                "sha256:a00514362df15af041cc06e97aebabf2895e0a7c42c83c21894be12b84402d79",
                "sha256:a39efc3ade8c1fb27c097fd112baf09d7fd70b8cb10ef1de4da6efbe066d381d",
                "sha256:a4ee8000454ad4486fb9f28b0cab7fa1cd796fc36d639882d0b34109b5b3aec9",
                "sha256:a7928283143a401e72a4fad43ecc85b35c27ae699cf5d54d39e1e72d97460e1d",
                "sha256:adf4dd19d8875ac147bf926c727215a0faf21490b22c053db464e0bf0deb0485",
                "sha256:ae8427a5e9062ba66fc2c62fb19a72276cf12c780e8db2b0956ea909c48acff5",
                "sha256:b4c8b0bc5841e578d5fb32a16e0c305359b987b850a06964bd5a62739d688048",
                "sha256:b84f29971f0ad4adaee391c6364e6f780d5aae7e9226d41964b26b49376071d0",
                "sha256:c39c46d9e44447181cd502a35aad2bb178dbf1b1f86cf4db639d7b9614f837c6",
                "sha256:cb2126603091902767d96bcb74093bd8b14982f41809f85c9b96e519c7e1dc41",
                "sha256:dcef843f8de4e2ff5e35e96ec2a4abbdf403bd0f732ead127bd27e51f38ac298",
                "sha256:e3447d9e074abf0e3cd85aef8131e01ab93f9f0e86654db7ac8a3f73c63706ce",
                "sha256:f52010e0a44e3d8530437e7da38d11fb822acfb0d5b12e9cd5ba655509937ca0",
                "sha256:f8196f739092a78e4f6b1b2172679ed3343c39c61a3e9d722ce6fcf1dac2824a"
            ],
            "version": "==2.0.0"
        },
        "hyperlink": {
            "hashes": [
                "sha256:427af957daa58bc909471c6c40f74c5450fa123dd093fc53efd2e91d2705a56b",
                "sha256:e6b14c37ecb73e89c77d78cdb4c2cc8f3fb59a885c5b3f819ff4ed80f25af1b4"
            ],
            "version": "==21.0.0"
        },
        "idna": {
            "hashes": [
                "sha256:84d9dd047ffa80596e0f246e2eab0b391788b0503584e8945f2368256d2735ff",
                "sha256:9d643ff0a55b762d5cdb124b8eaa99c66322e2157b69160bc32796e824360e6d"
            ],
            "version": "==3.3"
        },
        "incremental": {
            "hashes": [
                "sha256:02f5de5aff48f6b9f665d99d48bfc7ec03b6e3943210de7cfc88856d755d6f57",
                "sha256:92014aebc6a20b78a8084cdd5645eeaa7f74b8933f70fa3ada2cfbd1e3b54321"
            ],
            "version": "==21.3.0"
        },
        "inotify-simple": {
            "hashes": [
                "sha256:8440ffe49c4ae81a8df57c1ae1eb4b6bfa7acb830099bfb3e305b383005cc128"
            ],
            "index": "pypi",
            "version": "==1.3.5"
        },
        "ipython": {
            "hashes": [
                "sha256:2097be5c814d1b974aea57673176a924c4c8c9583890e7a5f082f547b9975b11",
                "sha256:f16148f9163e1e526f1008d7c8d966d9c15600ca20d1a754287cf96d00ba6f1d"
            ],
            "index": "pypi",
            "version": "==7.28.0"
        },
        "jedi": {
            "hashes": [
                "sha256:18456d83f65f400ab0c2d3319e48520420ef43b23a086fdc05dff34132f0fb93",
                "sha256:92550a404bad8afed881a137ec9a461fed49eca661414be45059329614ed0707"
            ],
            "version": "==0.18.0"
        },
        "matplotlib-inline": {
            "hashes": [
                "sha256:a04bfba22e0d1395479f866853ec1ee28eea1485c1d69a6faf00dc3e24ff34ee",
                "sha256:aed605ba3b72462d64d475a21a9296f400a19c4f74a31b59103d2a99ffd5aa5c"
            ],
            "version": "==0.1.3"
        },
        "mongoengine": {
            "hashes": [
                "sha256:3d1c8b9f5d43144bd726a3f01e58d2831c6fb112960a4a60b3a26fa85e026ab3",
                "sha256:de275e70cd58891dc46eef43369c522ce450dccb6d6f1979cbc9b93e6bdaf6cb"
            ],
            "index": "pypi",
            "version": "==0.23.1"
        },
        "msgpack": {
            "hashes": [
                "sha256:0cb94ee48675a45d3b86e61d13c1e6f1696f0183f0715544976356ff86f741d9",
                "sha256:1026dcc10537d27dd2d26c327e552f05ce148977e9d7b9f1718748281b38c841",
                "sha256:26a1759f1a88df5f1d0b393eb582ec022326994e311ba9c5818adc5374736439",
                "sha256:2a5866bdc88d77f6e1370f82f2371c9bc6fc92fe898fa2dec0c5d4f5435a2694",
                "sha256:31c17bbf2ae5e29e48d794c693b7ca7a0c73bd4280976d408c53df421e838d2a",
                "sha256:497d2c12426adcd27ab83144057a705efb6acc7e85957a51d43cdcf7f258900f",
                "sha256:5a9ee2540c78659a1dd0b110f73773533ee3108d4e1219b5a15a8d635b7aca0e",
                "sha256:8521e5be9e3b93d4d5e07cb80b7e32353264d143c1f072309e1863174c6aadb1",
                "sha256:87869ba567fe371c4555d2e11e4948778ab6b59d6cc9d8460d543e4cfbbddd1c",
                "sha256:8ffb24a3b7518e843cd83538cf859e026d24ec41ac5721c18ed0c55101f9775b",
                "sha256:92be4b12de4806d3c36810b0fe2aeedd8d493db39e2eb90742b9c09299eb5759",
                "sha256:9ea52fff0473f9f3000987f313310208c879493491ef3ccf66268eff8d5a0326",
                "sha256:a4355d2193106c7aa77c98fc955252a737d8550320ecdb2e9ac701e15e2943bc",
                "sha256:a99b144475230982aee16b3d249170f1cccebf27fb0a08e9f603b69637a62192",
                "sha256:ac25f3e0513f6673e8b405c3a80500eb7be1cf8f57584be524c4fa78fe8e0c83",
                "sha256:b28c0876cce1466d7c2195d7658cf50e4730667196e2f1355c4209444717ee06",
                "sha256:b55f7db883530b74c857e50e149126b91bb75d35c08b28db12dcb0346f15e46e",
                "sha256:b6d9e2dae081aa35c44af9c4298de4ee72991305503442a5c74656d82b581fe9",
                "sha256:c747c0cc08bd6d72a586310bda6ea72eeb28e7505990f342552315b229a19b33",
                "sha256:d6c64601af8f3893d17ec233237030e3110f11b8a962cb66720bf70c0141aa54",
                "sha256:d8167b84af26654c1124857d71650404336f4eb5cc06900667a493fc619ddd9f",
                "sha256:de6bd7990a2c2dabe926b7e62a92886ccbf809425c347ae7de277067f97c2887",
                "sha256:e36a812ef4705a291cdb4a2fd352f013134f26c6ff63477f20235138d1d21009",
                "sha256:e89ec55871ed5473a041c0495b7b4e6099f6263438e0bd04ccd8418f92d5d7f2",
                "sha256:f3e6aaf217ac1c7ce1563cf52a2f4f5d5b1f64e8729d794165db71da57257f0c",
                "sha256:f484cd2dca68502de3704f056fa9b318c94b1539ed17a4c784266df5d6978c87",
                "sha256:fae04496f5bc150eefad4e9571d1a76c55d021325dcd484ce45065ebbdd00984",
                "sha256:fe07bc6735d08e492a327f496b7850e98cb4d112c56df69b0c844dbebcbb47f6"
            ],
            "index": "pypi",
            "version": "==1.0.2"
        },
        "mysqlclient": {
            "hashes": [
                "sha256:0ac0dd759c4ca02c35a9fedc24bc982cf75171651e8187c2495ec957a87dfff7",
                "sha256:3381ca1a4f37ff1155fcfde20836b46416d66531add8843f6aa6d968982731c3",
                "sha256:71c4b330cf2313bbda0307fc858cc9055e64493ba9bf28454d25cf8b3ee8d7f5",
                "sha256:f6ebea7c008f155baeefe16c56cd3ee6239f7a5a9ae42396c2f1860f08a7c432",
                "sha256:fc575093cf81b6605bed84653e48b277318b880dc9becf42dd47fa11ffd3e2b6"
            ],
            "index": "pypi",
            "version": "==2.0.3"
        },
        "parso": {
            "hashes": [
                "sha256:12b83492c6239ce32ff5eed6d3639d6a536170723c6f3f1506869f1ace413398",
                "sha256:a8c4922db71e4fdb90e0d0bc6e50f9b273d3397925e5e60a717e719201778d22"
            ],
            "version": "==0.8.2"
        },
        "pexpect": {
            "hashes": [
                "sha256:0b48a55dcb3c05f3329815901ea4fc1537514d6ba867a152b581d69ae3710937",
                "sha256:fc65a43959d153d0114afe13997d439c22823a27cefceb5ff35c2178c6784c0c"
            ],
            "markers": "sys_platform != 'win32'",
            "version": "==4.8.0"
        },
        "pickleshare": {
            "hashes": [
                "sha256:87683d47965c1da65cdacaf31c8441d12b8044cdec9aca500cd78fc2c683afca",
                "sha256:9649af414d74d4df115d5d718f82acb59c9d418196b7b4290ed47a12ce62df56"
            ],
            "version": "==0.7.5"
        },
        "prompt-toolkit": {
            "hashes": [
                "sha256:27f13ff4e4850fe8f860b77414c7880f67c6158076a7b099062cc8570f1562e5",
                "sha256:62b3d3ea5a3ccee94dc1aac018279cf64866a76837156ebe159b981c42dd20a8"
            ],
            "version": "==3.0.21"
        },
        "psutil": {
            "hashes": [
                "sha256:0066a82f7b1b37d334e68697faba68e5ad5e858279fd6351c8ca6024e8d6ba64",
                "sha256:02b8292609b1f7fcb34173b25e48d0da8667bc85f81d7476584d889c6e0f2131",
                "sha256:0ae6f386d8d297177fd288be6e8d1afc05966878704dad9847719650e44fc49c",
                "sha256:0c9ccb99ab76025f2f0bbecf341d4656e9c1351db8cc8a03ccd62e318ab4b5c6",
                "sha256:0dd4465a039d343925cdc29023bb6960ccf4e74a65ad53e768403746a9207023",
                "sha256:12d844996d6c2b1d3881cfa6fa201fd635971869a9da945cf6756105af73d2df",
                "sha256:1bff0d07e76114ec24ee32e7f7f8d0c4b0514b3fae93e3d2aaafd65d22502394",
                "sha256:245b5509968ac0bd179287d91210cd3f37add77dad385ef238b275bad35fa1c4",
                "sha256:28ff7c95293ae74bf1ca1a79e8805fcde005c18a122ca983abf676ea3466362b",
                "sha256:36b3b6c9e2a34b7d7fbae330a85bf72c30b1c827a4366a07443fc4b6270449e2",
                "sha256:52de075468cd394ac98c66f9ca33b2f54ae1d9bff1ef6b67a212ee8f639ec06d",
                "sha256:5da29e394bdedd9144c7331192e20c1f79283fb03b06e6abd3a8ae45ffecee65",
                "sha256:61f05864b42fedc0771d6d8e49c35f07efd209ade09a5afe6a5059e7bb7bf83d",
                "sha256:6223d07a1ae93f86451d0198a0c361032c4c93ebd4bf6d25e2fb3edfad9571ef",
                "sha256:6323d5d845c2785efb20aded4726636546b26d3b577aded22492908f7c1bdda7",
                "sha256:6ffe81843131ee0ffa02c317186ed1e759a145267d54fdef1bc4ea5f5931ab60",
                "sha256:74f2d0be88db96ada78756cb3a3e1b107ce8ab79f65aa885f76d7664e56928f6",
                "sha256:74fb2557d1430fff18ff0d72613c5ca30c45cdbfcddd6a5773e9fc1fe9364be8",
                "sha256:90d4091c2d30ddd0a03e0b97e6a33a48628469b99585e2ad6bf21f17423b112b",
                "sha256:90f31c34d25b1b3ed6c40cdd34ff122b1887a825297c017e4cbd6796dd8b672d",
                "sha256:99de3e8739258b3c3e8669cb9757c9a861b2a25ad0955f8e53ac662d66de61ac",
                "sha256:c6a5fd10ce6b6344e616cf01cc5b849fa8103fbb5ba507b6b2dee4c11e84c935",
                "sha256:ce8b867423291cb65cfc6d9c4955ee9bfc1e21fe03bb50e177f2b957f1c2469d",
                "sha256:d225cd8319aa1d3c85bf195c4e07d17d3cd68636b8fc97e6cf198f782f99af28",
                "sha256:ea313bb02e5e25224e518e4352af4bf5e062755160f77e4b1767dd5ccb65f876",
                "sha256:ea372bcc129394485824ae3e3ddabe67dc0b118d262c568b4d2602a7070afdb0",
                "sha256:f4634b033faf0d968bb9220dd1c793b897ab7f1189956e1aa9eae752527127d3",
                "sha256:fcc01e900c1d7bee2a37e5d6e4f9194760a93597c97fee89c4ae51701de03563"
            ],
            "index": "pypi",
            "version": "==5.8.0"
        },
        "ptyprocess": {
            "hashes": [
                "sha256:4b41f3967fce3af57cc7e94b888626c18bf37a083e3651ca8feeb66d492fef35",
                "sha256:5c5d0a3b48ceee0b48485e0c26037c0acd7d29765ca3fbb5cb3831d347423220"
            ],
            "version": "==0.7.0"
        },
        "pyasn1": {
            "hashes": [
                "sha256:014c0e9976956a08139dc0712ae195324a75e142284d5f87f1a87ee1b068a359",
                "sha256:03840c999ba71680a131cfaee6fab142e1ed9bbd9c693e285cc6aca0d555e576",
                "sha256:0458773cfe65b153891ac249bcf1b5f8f320b7c2ce462151f8fa74de8934becf",
                "sha256:08c3c53b75eaa48d71cf8c710312316392ed40899cb34710d092e96745a358b7",
                "sha256:39c7e2ec30515947ff4e87fb6f456dfc6e84857d34be479c9d4a4ba4bf46aa5d",
                "sha256:5c9414dcfede6e441f7e8f81b43b34e834731003427e5b09e4e00e3172a10f00",
                "sha256:6e7545f1a61025a4e58bb336952c5061697da694db1cae97b116e9c46abcf7c8",
                "sha256:78fa6da68ed2727915c4767bb386ab32cdba863caa7dbe473eaae45f9959da86",
                "sha256:7ab8a544af125fb704feadb008c99a88805126fb525280b2270bb25cc1d78a12",
                "sha256:99fcc3c8d804d1bc6d9a099921e39d827026409a58f2a720dcdb89374ea0c776",
                "sha256:aef77c9fb94a3ac588e87841208bdec464471d9871bd5050a287cc9a475cd0ba",
                "sha256:e89bf84b5437b532b0803ba5c9a5e054d21fec423a89952a74f87fa2c9b7bce2",
                "sha256:fec3e9d8e36808a28efb59b489e4528c10ad0f480e57dcc32b4de5c9d8c9fdf3"
            ],
            "version": "==0.4.8"
        },
        "pyasn1-modules": {
            "hashes": [
                "sha256:0845a5582f6a02bb3e1bde9ecfc4bfcae6ec3210dd270522fee602365430c3f8",
                "sha256:0fe1b68d1e486a1ed5473f1302bd991c1611d319bba158e98b106ff86e1d7199",
                "sha256:15b7c67fabc7fc240d87fb9aabf999cf82311a6d6fb2c70d00d3d0604878c811",
                "sha256:426edb7a5e8879f1ec54a1864f16b882c2837bfd06eee62f2c982315ee2473ed",
                "sha256:65cebbaffc913f4fe9e4808735c95ea22d7a7775646ab690518c056784bc21b4",
                "sha256:905f84c712230b2c592c19470d3ca8d552de726050d1d1716282a1f6146be65e",
                "sha256:a50b808ffeb97cb3601dd25981f6b016cbb3d31fbf57a8b8a87428e6158d0c74",
                "sha256:a99324196732f53093a84c4369c996713eb8c89d360a496b599fb1a9c47fc3eb",
                "sha256:b80486a6c77252ea3a3e9b1e360bc9cf28eaac41263d173c032581ad2f20fe45",
                "sha256:c29a5e5cc7a3f05926aff34e097e84f8589cd790ce0ed41b67aed6857b26aafd",
                "sha256:cbac4bc38d117f2a49aeedec4407d23e8866ea4ac27ff2cf7fb3e5b570df19e0",
                "sha256:f39edd8c4ecaa4556e989147ebf219227e2cd2e8a43c7e7fcb1f1c18c5fd6a3d",
                "sha256:fe0644d9ab041506b62782e92b06b8c68cca799e1a9636ec398675459e031405"
            ],
            "version": "==0.2.8"
        },
        "pycodestyle": {
            "hashes": [
                "sha256:720f8b39dde8b293825e7ff02c475f3077124006db4f440dcbc9a20b76548a20",
                "sha256:eddd5847ef438ea1c7870ca7eb78a9d47ce0cdb4851a5523949f2601d0cbbe7f"
            ],
            "index": "pypi",
            "version": "==2.8.0"
        },
        "pycparser": {
            "hashes": [
                "sha256:2d475327684562c3a96cc71adf7dc8c4f0565175cf86b6d7a404ff4c771f15f0",
                "sha256:7582ad22678f0fcd81102833f60ef8d0e57288b6b5fb00323d101be910e35705"
            ],
            "version": "==2.20"
        },
        "pygments": {
            "hashes": [
                "sha256:b8e67fe6af78f492b3c4b3e2970c0624cbf08beb1e493b2c99b9fa1b67a20380",
                "sha256:f398865f7eb6874156579fdf36bc840a03cab64d1cde9e93d68f46a425ec52c6"
            ],
            "version": "==2.10.0"
        },
        "pymongo": {
            "hashes": [
                "sha256:02e0c088f189ca69fac094cb5f851b43bbbd7cec42114495777d4d8f297f7f8a",
                "sha256:138248c542051eb462f88b50b0267bd5286d6661064bab06faa0ef6ac30cdb4b",
                "sha256:13a7c6d055af58a1e9c505e736da8b6a2e95ccc8cec10b008143f7a536e5de8a",
                "sha256:13d74bf3435c1e58d8fafccc0d5e87f246ae2c6e9cbef4b35e32a1c3759e354f",
                "sha256:15dae01341571d0af51526b7a21648ca575e9375e16ba045c9860848dfa8952f",
                "sha256:17238115e6d37f5423b046cb829f1ca02c4ea7edb163f5b8b88e0c975dc3fec9",
                "sha256:180b405e17b90a877ea5dbc5efe7f4c171af4c89323148e100c0f12cedb86f12",
                "sha256:1821ce4e5a293313947fd017bbd2d2535aa6309680fa29b33d0442d15da296ec",
                "sha256:1a7b138a04fdd17849930dc8bf664002e17db38448850bfb96d200c9c5a8b3a1",
                "sha256:1c4e51a3b69789b6f468a8e881a13f2d1e8f5e99e41f80fd44845e6ec0f701e1",
                "sha256:1d55982e5335925c55e2b87467043866ce72bd30ea7e7e3eeed6ec3d95a806d4",
                "sha256:1fa6f08ddb6975371777f97592d35c771e713ee2250e55618148a5e57e260aff",
                "sha256:2174d3279b8e2b6d7613b338f684cd78ff7adf1e7ec5b7b7bde5609a129c9898",
                "sha256:2462a68f6675da548e333fa299d8e9807e00f95a4d198cfe9194d7be69f40c9b",
                "sha256:25fd76deabe9ea37c8360c362b32f702cc095a208dd1c5328189938ca7685847",
                "sha256:287c2a0063267c1458c4ddf528b44063ce7f376a6436eea5bccd7f625bbc3b5e",
                "sha256:2d3abe548a280b49269c7907d5b71199882510c484d680a5ea7860f30c4a695f",
                "sha256:2fa101bb23619120673899694a65b094364269e597f551a87c4bdae3a474d726",
                "sha256:2fda3b3fb5c0d159195ab834b322a23808f1b059bcc7e475765abeddee6a2529",
                "sha256:303531649fa45f96b694054c1aa02f79bda32ef57affe42c5c339336717eed74",
                "sha256:36806ee53a85c3ba73939652f2ced2961e6a77cfbae385cd83f2e24cd97964b7",
                "sha256:37a63da5ee623acdf98e6d511171c8a5827a6106b0712c18af4441ef4f11e6be",
                "sha256:3a2fcbd04273a509fa85285d9eccf17ab65ce440bd4f5e5a58c978e563cd9e9a",
                "sha256:3b40e36d3036bfe69ba63ec8e746a390721f75467085a0384b528e1dda532c69",
                "sha256:4168b6c425d783e81723fc3dc382d374a228ff29530436a472a36d9f27593e73",
                "sha256:444c00ebc20f2f9dc62e34f7dc9453dc2f5f5a72419c8dccad6e26d546c35712",
                "sha256:45d6b47d70ed44e3c40bef618ed61866c48176e7e5dff80d06d8b1a6192e8584",
                "sha256:460bdaa3f65ddb5b7474ae08589a1763b5da1a78b8348351b9ba1c63b459d67d",
                "sha256:47ed77f62c8417a86f9ad158b803f3459a636386cb9d3d4e9e7d6a82d051f907",
                "sha256:48722e91981bb22a16b0431ea01da3e1cc5b96805634d3b8d3c2a5315c1ce7f1",
                "sha256:49b0d92724d3fce1174fd30b0b428595072d5c6b14d6203e46a9ea347ae7b439",
                "sha256:4a2d73a9281faefb273a5448f6d25f44ebd311ada9eb79b6801ae890508fe231",
                "sha256:4f4bc64fe9cbd70d46f519f1e88c9e4677f7af18ab9cd4942abce2bcfa7549c3",
                "sha256:5067c04d3b19c820faac6342854d887ade58e8d38c3db79b68c2a102bbb100e7",
                "sha256:51437c77030bed72d57d8a61e22758e3c389b13fea7787c808030002bb05ca39",
                "sha256:515e4708d6567901ffc06476a38abe2c9093733f52638235d9f149579c1d3de0",
                "sha256:5183b698d6542219e4135de583b57bc6286bd37df7f645b688278eb919bfa785",
                "sha256:56feb80ea1f5334ccab9bd16a5161571ab70392e51fcc752fb8a1dc67125f663",
                "sha256:573e2387d0686976642142c50740dfc4d3494cc627e2a7d22782b99f70879055",
                "sha256:58a67b3800476232f9989e533d0244060309451b436d46670a53e6d189f1a7e7",
                "sha256:5e3833c001a04aa06a28c6fd9628256862a654c09b0f81c07734b5629bc014ab",
                "sha256:5f5fe59328838fa28958cc06ecf94be585726b97d637012f168bc3c7abe4fd81",
                "sha256:6235bf2157aa46e53568ed79b70603aa8874baa202d5d1de82fa0eb917696e73",
                "sha256:63be03f7ae1e15e72a234637ec7941ef229c7ab252c9ff6af48bba1e5418961c",
                "sha256:65f159c445761cab04b665fc448b3fc008aebc98e54fdcbfd1aff195ef1b1408",
                "sha256:67e0b2ad3692f6d0335ae231a40de55ec395b6c2e971ad6f55b162244d1ec542",
                "sha256:68409171ab2aa7ccd6e8e839233e4b8ddeec246383c9a3698614e814739356f9",
                "sha256:6a96c04ce39d66df60d9ce89f4c254c4967bc7d9e2e2c52adc58f47be826ee96",
                "sha256:6ead0126fb4424c6c6a4fdc603d699a9db7c03cdb8eac374c352a75fec8a820a",
                "sha256:6eb6789f26c398c383225e1313c8e75a7d290d323b8eaf65f3f3ddd0eb8a5a3c",
                "sha256:6f07888e3b73c0dfa46f12d098760494f5f23fd66923a6615edfe486e6a7649c",
                "sha256:6f0f0a10f128ea0898e607d351ebfabf70941494fc94e87f12c76e2894d8e6c4",
                "sha256:704879b6a54c45ad76cea7c6789c1ae7185050acea7afd15b58318fa1932ed45",
                "sha256:7117bfd8827cfe550f65a3c399dcd6e02226197a91c6d11a3540c3e8efc686d6",
                "sha256:712de1876608fd5d76abc3fc8ec55077278dd5044073fbe9492631c9a2c58351",
                "sha256:75c7ef67b4b8ec070e7a4740764f6c03ec9246b59d95e2ae45c029d41cb9efa1",
                "sha256:77dddf596fb065de29fb39992fbc81301f7fd0003be649b7fa7448c77ca53bed",
                "sha256:7abc87e45b572eb6d17a50422e69a9e5d6f13e691e821fe2312df512500faa50",
                "sha256:7d8cdd2f070c71366e64990653522cce84b08dc26ab0d1fa19aa8d14ee0cf9ba",
                "sha256:81ce5f871f5d8e82615c8bd0b34b68a9650204c8b1a04ce7890d58c98eb66e39",
                "sha256:837cdef094f39c6f4a2967abc646a412999c2540fbf5d3cce1dd3b671f4b876c",
                "sha256:849e641cfed05c75d772f9e9018f42c5fbd00655d43d52da1b9c56346fd3e4cc",
                "sha256:87114b995506e7584cf3daf891e419b5f6e7e383e7df6267494da3a76312aa22",
                "sha256:87db421c9eb915b8d9a9a13c5b2ee338350e36ee83e26ff0adfc48abc5db3ac3",
                "sha256:8851544168703fb519e95556e3b463fca4beeef7ed3f731d81a68c8268515d9d",
                "sha256:891f541c7ed29b95799da0cd249ae1db1842777b564e8205a197b038c5df6135",
                "sha256:8f87f53c9cd89010ae45490ec2c963ff18b31f5f290dc08b04151709589fe8d9",
                "sha256:9641be893ccce7d192a0094efd0a0d9f1783a1ebf314b4128f8a27bfadb8a77c",
                "sha256:979e34db4f3dc5710c18db437aaf282f691092b352e708cb2afd4df287698c76",
                "sha256:9b62d84478f471fdb0dcea3876acff38f146bd23cbdbed15074fb4622064ec2e",
                "sha256:a472ca3d43d33e596ff5836c6cc71c3e61be33f44fe1cfdab4a1100f4af60333",
                "sha256:a5dbeeea6a375fbd79448b48a54c46fc9351611a03ef8398d2a40b684ce46194",
                "sha256:a7430f3987d232e782304c109be1d0e6fff46ca6405cb2479e4d8d08cd29541e",
                "sha256:a81e52dbf95f236a0c89a5abcd2b6e1331da0c0312f471c73fae76c79d2acf6b",
                "sha256:aa434534cc91f51a85e3099dc257ee8034b3d2be77f2ca58fb335a686e3a681f",
                "sha256:ab27d6d7d41a66d9e54269a290d27cd5c74f08e9add0054a754b4821026c4f42",
                "sha256:adb37bf22d25a51b84d989a2a5c770d4514ac590201eea1cb50ce8c9c5257f1d",
                "sha256:afb16330ab6efbbf995375ad94e970fa2f89bb46bd10d854b7047620fdb0d67d",
                "sha256:b1b06038c9940a49c73db0aeb0f6809b308e198da1326171768cf68d843af521",
                "sha256:b1e6d1cf4bd6552b5f519432cce1530c09e6b0aab98d44803b991f7e880bd332",
                "sha256:bf2d9d62178bb5c05e77d40becf89c309b1966fbcfb5c306238f81bf1ec2d6a2",
                "sha256:bfd073fea04061019a103a288847846b5ef40dfa2f73b940ed61e399ca95314f",
                "sha256:c04e84ccf590933a266180286d8b6a5fc844078a5d934432628301bd8b5f9ca7",
                "sha256:c0947d7be30335cb4c3d5d0983d8ebc8294ae52503cf1d596c926f7e7183900b",
                "sha256:c2a17752f97a942bdb4ff4a0516a67c5ade1658ebe1ab2edacdec0b42e39fa75",
                "sha256:c4653830375ab019b86d218c749ad38908b74182b2863d09936aa8d7f990d30e",
                "sha256:c660fd1e4a4b52f79f7d134a3d31d452948477b7f46ff5061074a534c5805ba6",
                "sha256:cb48ff6cc6109190e1ccf8ea1fc71cc244c9185813ce7d1c415dce991cfb8709",
                "sha256:cef2675004d85d85a4ccc24730b73a99931547368d18ceeed1259a2d9fcddbc1",
                "sha256:d1b98539b0de822b6f717498e59ae3e5ae2e7f564370ab513e6d0c060753e447",
                "sha256:d6c6989c10008ac70c2bb2ad2b940fcfe883712746c89f7e3308c14c213a70d7",
                "sha256:db3efec9dcecd96555d752215797816da40315d61878f90ca39c8e269791bf17",
                "sha256:dc4749c230a71b34db50ac2481d9008bb17b67c92671c443c3b40e192fbea78e",
                "sha256:dcf906c1f7a33e4222e4bff18da1554d69323bc4dd95fe867a6fa80709ee5f93",
                "sha256:e2bccadbe313b11704160aaba5eec95d2da1aa663f02f41d2d1520d02bbbdcd5",
                "sha256:e30cce3cc86d6082c8596b3fbee0d4f54bc4d337a4fa1bf536920e2e319e24f0",
                "sha256:e5d6428b8b422ba5205140e8be11722fa7292a0bedaa8bc80fb34c92eb19ba45",
                "sha256:e841695b5dbea38909ab2dbf17e91e9a823412d8d88d1ef77f1b94a7bc551c0f",
                "sha256:eb65ec0255a0fccc47c87d44e505ef5180bfd71690bd5f84161b1f23949fb209",
                "sha256:ed20ec5a01c43254f6047c5d8124b70d28e39f128c8ad960b437644fe94e1827",
                "sha256:ed751a20840a31242e7bea566fcf93ba75bc11b33afe2777bbf46069c1af5094",
                "sha256:ef8b927813c27c3bdfc82c55682d7767403bcdadfd9f9c0fc49f4be4553a877b",
                "sha256:f43cacda46fc188f998e6d308afe1c61ff41dcb300949f4cbf731e9a0a5eb2d3",
                "sha256:f44bea60fd2178d7153deef9621c4b526a93939da30010bba24d3408a98b0f79",
                "sha256:fcc021530b7c71069132fe4846d95a3cdd74d143adc2f7e398d5fabf610f111c",
                "sha256:fe16517b275031d61261a4e3941c411fb7c46a9cd012f02381b56e7907cc9e06",
                "sha256:fe3ae4294d593da54862f0140fdcc89d1aeeb94258ca97f094119ed7f0e5882d"
            ],
            "index": "pypi",
            "version": "==3.12.1"
        },
        "pyopenssl": {
            "hashes": [
                "sha256:5e2d8c5e46d0d865ae933bef5230090bdaf5506281e9eec60fa250ee80600cb3",
                "sha256:8935bd4920ab9abfebb07c41a4f58296407ed77f04bd1a92914044b848ba1ed6"
            ],
            "version": "==21.0.0"
        },
        "pytz": {
            "hashes": [
                "sha256:3672058bc3453457b622aab7a1c3bfd5ab0bdae451512f6cf25f64ed37f5b87c",
                "sha256:acad2d8b20a1af07d4e4c9d2e9285c5ed9104354062f275f3fcd88dcef4f1326"
            ],
            "version": "==2021.3"
        },
        "pytz-deprecation-shim": {
            "hashes": [
                "sha256:8314c9692a636c8eb3bda879b9f119e350e93223ae83e70e80c31675a0fdc1a6",
                "sha256:af097bae1b616dde5c5744441e2ddc69e74dfdcb0c263129610d85b87445a59d"
            ],
            "version": "==0.1.0.post0"
        },
        "rx": {
            "hashes": [
                "sha256:922c5f4edb3aa1beaa47bf61d65d5380011ff6adcd527f26377d05cb73ed8ec8",
                "sha256:b657ca2b45aa485da2f7dcfd09fac2e554f7ac51ff3c2f8f2ff962ecd963d91c"
            ],
            "index": "pypi",
            "version": "==3.2.0"
        },
        "service-identity": {
            "hashes": [
                "sha256:6e6c6086ca271dc11b033d17c3a8bea9f24ebff920c587da090afc9519419d34",
                "sha256:f0b0caac3d40627c3c04d7a51b6e06721857a0e10a8775f2d1d7e72901b3a7db"
            ],
            "version": "==21.1.0"
        },
        "six": {
            "hashes": [
                "sha256:1e61c37477a1626458e36f7b1d82aa5c9b094fa4802892072e49de9c60c4c926",
                "sha256:8abb2f1d86890a2dfb989f9a77cfcfd3e47c2a354b01111771326f8aa26e0254"
            ],
            "version": "==1.16.0"
        },
        "sqlparse": {
            "hashes": [
                "sha256:0c00730c74263a94e5a9919ade150dfc3b19c574389985446148402998287dae",
                "sha256:48719e356bb8b42991bdbb1e8b83223757b93789c00910a616a071910ca4a64d"
            ],
            "version": "==0.4.2"
        },
        "traitlets": {
            "hashes": [
                "sha256:03f172516916220b58c9f19d7f854734136dd9528103d04e9bf139a92c9f54c4",
                "sha256:bd382d7ea181fbbcce157c133db9a829ce06edffe097bcf3ab945b435452b46d"
            ],
            "version": "==5.1.0"
        },
        "twisted": {
            "hashes": [
                "sha256:13c1d1d2421ae556d91e81e66cf0d4f4e4e1e4a36a0486933bee4305c6a4fb9b",
                "sha256:2cd652542463277378b0d349f47c62f20d9306e57d1247baabd6d1d38a109006"
            ],
            "version": "==21.7.0"
        },
        "txaio": {
            "hashes": [
                "sha256:7d6f89745680233f1c4db9ddb748df5e88d2a7a37962be174c0fd04c8dba1dc8",
                "sha256:c16b55f9a67b2419cfdf8846576e2ec9ba94fe6978a83080c352a80db31c93fb"
            ],
            "version": "==21.2.1"
        },
        "typing-extensions": {
            "hashes": [
                "sha256:49f75d16ff11f1cd258e1b988ccff82a3ca5570217d7ad8c5f48205dd99a677e",
                "sha256:d8226d10bc02a29bcc81df19a26e56a9647f8b0a6d4a83924139f4a8b01f17b7",
                "sha256:f1d25edafde516b146ecd0613dabcc61409817af4766fbbcfb8d1ad4ec441a34"
            ],
            "version": "==3.10.0.2"
        },
        "tzdata": {
            "hashes": [
                "sha256:1d480afbf202440771da86cae084d5d43729eec9b818c952210e0fac98edb03c",
                "sha256:351032b2bb205b23b56ef5ca7b2b4eec739a0d5c078f86278ffdda4863aee8ab"
            ],
            "markers": "python_version >= '3.6'",
            "version": "==2021.4"
        },
        "tzlocal": {
            "hashes": [
                "sha256:3689a33e855912057028c41e31c5e27e6aa97658c58e35b76d58d0c301993b6d",
                "sha256:8560aabba61b5d2a5e1697bb781f682e6eaa3ce386cee85a09a458cc0003f836"
            ],
            "version": "==4.0.1"
        },
        "uwsgi": {
            "hashes": [
                "sha256:88ab9867d8973d8ae84719cf233b7dafc54326fcaec89683c3f9f77c002cdff9"
            ],
            "index": "pypi",
            "version": "==2.0.20"
        },
        "wcwidth": {
            "hashes": [
                "sha256:beb4802a9cebb9144e99086eff703a642a13d6a0052920003a230f3294bbe784",
                "sha256:c4d647b99872929fdb7bdcaa4fbe7f01413ed3d98077df798530e5b04f116c83"
            ],
            "version": "==0.2.5"
        },
        "zope.interface": {
            "hashes": [
                "sha256:08f9636e99a9d5410181ba0729e0408d3d8748026ea938f3b970a0249daa8192",
                "sha256:0b465ae0962d49c68aa9733ba92a001b2a0933c317780435f00be7ecb959c702",
                "sha256:0cba8477e300d64a11a9789ed40ee8932b59f9ee05f85276dbb4b59acee5dd09",
                "sha256:0cee5187b60ed26d56eb2960136288ce91bcf61e2a9405660d271d1f122a69a4",
                "sha256:0ea1d73b7c9dcbc5080bb8aaffb776f1c68e807767069b9ccdd06f27a161914a",
                "sha256:0f91b5b948686659a8e28b728ff5e74b1be6bf40cb04704453617e5f1e945ef3",
                "sha256:15e7d1f7a6ee16572e21e3576d2012b2778cbacf75eb4b7400be37455f5ca8bf",
                "sha256:17776ecd3a1fdd2b2cd5373e5ef8b307162f581c693575ec62e7c5399d80794c",
                "sha256:194d0bcb1374ac3e1e023961610dc8f2c78a0f5f634d0c737691e215569e640d",
                "sha256:1c0e316c9add0db48a5b703833881351444398b04111188069a26a61cfb4df78",
                "sha256:205e40ccde0f37496904572035deea747390a8b7dc65146d30b96e2dd1359a83",
                "sha256:273f158fabc5ea33cbc936da0ab3d4ba80ede5351babc4f577d768e057651531",
                "sha256:2876246527c91e101184f63ccd1d716ec9c46519cc5f3d5375a3351c46467c46",
                "sha256:2c98384b254b37ce50eddd55db8d381a5c53b4c10ee66e1e7fe749824f894021",
                "sha256:2e5a26f16503be6c826abca904e45f1a44ff275fdb7e9d1b75c10671c26f8b94",
                "sha256:334701327f37c47fa628fc8b8d28c7d7730ce7daaf4bda1efb741679c2b087fc",
                "sha256:3748fac0d0f6a304e674955ab1365d515993b3a0a865e16a11ec9d86fb307f63",
                "sha256:3c02411a3b62668200910090a0dff17c0b25aaa36145082a5a6adf08fa281e54",
                "sha256:3dd4952748521205697bc2802e4afac5ed4b02909bb799ba1fe239f77fd4e117",
                "sha256:3f24df7124c323fceb53ff6168da70dbfbae1442b4f3da439cd441681f54fe25",
                "sha256:469e2407e0fe9880ac690a3666f03eb4c3c444411a5a5fddfdabc5d184a79f05",
                "sha256:4de4bc9b6d35c5af65b454d3e9bc98c50eb3960d5a3762c9438df57427134b8e",
                "sha256:5208ebd5152e040640518a77827bdfcc73773a15a33d6644015b763b9c9febc1",
                "sha256:52de7fc6c21b419078008f697fd4103dbc763288b1406b4562554bd47514c004",
                "sha256:5bb3489b4558e49ad2c5118137cfeaf59434f9737fa9c5deefc72d22c23822e2",
                "sha256:5dba5f530fec3f0988d83b78cc591b58c0b6eb8431a85edd1569a0539a8a5a0e",
                "sha256:5dd9ca406499444f4c8299f803d4a14edf7890ecc595c8b1c7115c2342cadc5f",
                "sha256:5f931a1c21dfa7a9c573ec1f50a31135ccce84e32507c54e1ea404894c5eb96f",
                "sha256:63b82bb63de7c821428d513607e84c6d97d58afd1fe2eb645030bdc185440120",
                "sha256:66c0061c91b3b9cf542131148ef7ecbecb2690d48d1612ec386de9d36766058f",
                "sha256:6f0c02cbb9691b7c91d5009108f975f8ffeab5dff8f26d62e21c493060eff2a1",
                "sha256:71aace0c42d53abe6fc7f726c5d3b60d90f3c5c055a447950ad6ea9cec2e37d9",
                "sha256:7d97a4306898b05404a0dcdc32d9709b7d8832c0c542b861d9a826301719794e",
                "sha256:7df1e1c05304f26faa49fa752a8c690126cf98b40b91d54e6e9cc3b7d6ffe8b7",
                "sha256:8270252effc60b9642b423189a2fe90eb6b59e87cbee54549db3f5562ff8d1b8",
                "sha256:867a5ad16892bf20e6c4ea2aab1971f45645ff3102ad29bd84c86027fa99997b",
                "sha256:877473e675fdcc113c138813a5dd440da0769a2d81f4d86614e5d62b69497155",
                "sha256:8892f89999ffd992208754851e5a052f6b5db70a1e3f7d54b17c5211e37a98c7",
                "sha256:9a9845c4c6bb56e508651f005c4aeb0404e518c6f000d5a1123ab077ab769f5c",
                "sha256:a1e6e96217a0f72e2b8629e271e1b280c6fa3fe6e59fa8f6701bec14e3354325",
                "sha256:a8156e6a7f5e2a0ff0c5b21d6bcb45145efece1909efcbbbf48c56f8da68221d",
                "sha256:a9506a7e80bcf6eacfff7f804c0ad5350c8c95b9010e4356a4b36f5322f09abb",
                "sha256:af310ec8335016b5e52cae60cda4a4f2a60a788cbb949a4fbea13d441aa5a09e",
                "sha256:b0297b1e05fd128d26cc2460c810d42e205d16d76799526dfa8c8ccd50e74959",
                "sha256:bf68f4b2b6683e52bec69273562df15af352e5ed25d1b6641e7efddc5951d1a7",
                "sha256:d0c1bc2fa9a7285719e5678584f6b92572a5b639d0e471bb8d4b650a1a910920",
                "sha256:d4d9d6c1a455d4babd320203b918ccc7fcbefe308615c521062bc2ba1aa4d26e",
                "sha256:db1fa631737dab9fa0b37f3979d8d2631e348c3b4e8325d6873c2541d0ae5a48",
                "sha256:dd93ea5c0c7f3e25335ab7d22a507b1dc43976e1345508f845efc573d3d779d8",
                "sha256:f44e517131a98f7a76696a7b21b164bcb85291cee106a23beccce454e1f433a4",
                "sha256:f7ee479e96f7ee350db1cf24afa5685a5899e2b34992fb99e1f7c1b0b758d263"
            ],
            "version": "==5.4.0"
        }
    },
    "develop": {}
}
